{
  "name": "n body simulation",
  "lockfileVersion": 2,
  "requires": true,
  "packages": {
    "": {
      "dependencies": {
        "two.js": "^0.7.13"
      }
    },
    "node_modules/two.js": {
      "version": "0.7.13",
      "resolved": "https://registry.npmjs.org/two.js/-/two.js-0.7.13.tgz",
      "integrity": "sha512-UP2MkH7gm4p8WQrLGoYnEo8ZztHKijoZzBz0h/ehdOUh93/6p8LvI0gtZZ3+n5Mndks2jVxJRgPYKSwpk7jrrw=="
    }
  },
  "dependencies": {
    "two.js": {
      "version": "0.7.13",
      "resolved": "https://registry.npmjs.org/two.js/-/two.js-0.7.13.tgz",
      "integrity": "sha512-UP2MkH7gm4p8WQrLGoYnEo8ZztHKijoZzBz0h/ehdOUh93/6p8LvI0gtZZ3+n5Mndks2jVxJRgPYKSwpk7jrrw=="
    }
  }
}
